
Microsoft Visual Studio Solution File, Format Version 12.00
# Visual Studio Version 17
VisualStudioVersion = 17.2.32616.157
MinimumVisualStudioVersion = 10.0.40219.1
Project("{FAE04EC0-301F-11D3-BF4B-00C04F79EFBC}") = "csStringBuilder", "csStringBuilder\csStringBuilder.csproj", "{8D3E0390-C6B4-4A00-B818-048AEEBC648B}"
EndProject
Global
	GlobalSection(SolutionConfigurationPlatforms) = preSolution
		Debug|Any CPU = Debug|Any CPU
		Release|Any CPU = Release|Any CPU
	EndGlobalSection
	GlobalSection(ProjectConfigurationPlatforms) = postSolution
		{8D3E0390-C6B4-4A00-B818-048AEEBC648B}.Debug|Any CPU.ActiveCfg = Debug|Any CPU
		{8D3E0390-C6B4-4A00-B818-048AEEBC648B}.Debug|Any CPU.Build.0 = Debug|Any CPU
		{8D3E0390-C6B4-4A00-B818-048AEEBC648B}.Release|Any CPU.ActiveCfg = Release|Any CPU
		{8D3E0390-C6B4-4A00-B818-048AEEBC648B}.Release|Any CPU.Build.0 = Release|Any CPU
	EndGlobalSection
	GlobalSection(SolutionProperties) = preSolution
		HideSolutionNode = FALSE
	EndGlobalSection
	GlobalSection(ExtensibilityGlobals) = postSolution
		SolutionGuid = {76F34C2B-4B51-4DE6-BB0F-E3D5F4047D55}
	EndGlobalSection
EndGlobal
